
Microsoft Visual Studio Solution File, Format Version 11.00
# Visual Studio 2010
Project("{FAE04EC0-301F-11D3-BF4B-00C04F79EFBC}") = "Hid_Simple", "Hid_Common\Hid_Simple.csproj", "{D1689D87-F65C-46BF-AC87-7879F0CF97C0}"
EndProject
Global
	GlobalSection(SolutionConfigurationPlatforms) = preSolution
		Debug|x86 = Debug|x86
		Release|x86 = Release|x86
	EndGlobalSection
	GlobalSection(ProjectConfigurationPlatforms) = postSolution
		{D1689D87-F65C-46BF-AC87-7879F0CF97C0}.Debug|x86.ActiveCfg = Debug|x86
		{D1689D87-F65C-46BF-AC87-7879F0CF97C0}.Debug|x86.Build.0 = Debug|x86
		{D1689D87-F65C-46BF-AC87-7879F0CF97C0}.Release|x86.ActiveCfg = Release|x86
		{D1689D87-F65C-46BF-AC87-7879F0CF97C0}.Release|x86.Build.0 = Release|x86
	EndGlobalSection
	GlobalSection(SolutionProperties) = preSolution
		HideSolutionNode = FALSE
	EndGlobalSection
EndGlobal
